
Microsoft Visual Studio Solution File, Format Version 12.00
# Visual Studio Version 16
VisualStudioVersion = 16.0.30611.23
MinimumVisualStudioVersion = 10.0.40219.1
Project("{FAE04EC0-301F-11D3-BF4B-00C04F79EFBC}") = "aula1", "aula1\aula1.csproj", "{8DF2BCFE-4CAD-4A66-B41B-A885D65034C5}"
EndProject
Global
	GlobalSection(SolutionConfigurationPlatforms) = preSolution
		Debug|Any CPU = Debug|Any CPU
		Release|Any CPU = Release|Any CPU
	EndGlobalSection
	GlobalSection(ProjectConfigurationPlatforms) = postSolution
		{8DF2BCFE-4CAD-4A66-B41B-A885D65034C5}.Debug|Any CPU.ActiveCfg = Debug|Any CPU
		{8DF2BCFE-4CAD-4A66-B41B-A885D65034C5}.Debug|Any CPU.Build.0 = Debug|Any CPU
		{8DF2BCFE-4CAD-4A66-B41B-A885D65034C5}.Release|Any CPU.ActiveCfg = Release|Any CPU
		{8DF2BCFE-4CAD-4A66-B41B-A885D65034C5}.Release|Any CPU.Build.0 = Release|Any CPU
	EndGlobalSection
	GlobalSection(SolutionProperties) = preSolution
		HideSolutionNode = FALSE
	EndGlobalSection
	GlobalSection(ExtensibilityGlobals) = postSolution
		SolutionGuid = {6D81D3D5-F021-407E-9117-75A7F23ADC05}
	EndGlobalSection
EndGlobal
